# Autoware.lock — auto-generated by aw-kit. Commit this to git.

package = []

[workspace]
autoware = "0.45.1"
generated = "1773346335"

[[component]]
name = "api"
image = "ghcr.io/autowarefoundation/openadkit:api"
digest = "sha256:0f91340b46f39499e3a4fe1e78b48c2410492c1c2af3188b4f01800159dfc4f3"
patched = false

[[component]]
name = "planning-control"
image = "ghcr.io/autowarefoundation/openadkit:planning-control"
digest = "sha256:b41465d44d7d5f2eab30fe57bf2dab11c07cc649dcb56b1f2baf6dd48713b5d8"
patched = false
