# Autoware.lock — auto-generated by aw-kit. Commit this to git.

package = []

[workspace]
autoware = "0.45.1"
generated = "1773603599"

[[component]]
name = "api"
image = "ghcr.io/autowarefoundation/openadkit:api"
digest = "sha256:0f91340b46f39499e3a4fe1e78b48c2410492c1c2af3188b4f01800159dfc4f3"
patched = false

[[component]]
name = "localization-mapping"
image = "ghcr.io/autowarefoundation/openadkit:localization-mapping"
digest = "sha256:e891d8ac9408a11fb21a368a03b7739244ddcea4aceb3cf94e40cb37ed3871ce"
patched = true
patch_image = "ghcr.io/autowarefoundation/openadkit:localization-mapping-0.45.1-pe0c2c330e4f06892"
patch_digest = "sha256:36783a48d526777fd38768433c29f79ee01ca13f35562f48652af33f88ed1e3b"

[[component]]
name = "planning-control"
image = "ghcr.io/autowarefoundation/openadkit:planning-control"
digest = "sha256:b41465d44d7d5f2eab30fe57bf2dab11c07cc649dcb56b1f2baf6dd48713b5d8"
patched = false
