# Autoware.lock — auto-generated by aw-kit. Commit this to git.

[workspace]
autoware = "0.45.1"
generated = "1773603609"

[[component]]
name = "api"
image = "ghcr.io/autowarefoundation/openadkit:api"
digest = "sha256:0f91340b46f39499e3a4fe1e78b48c2410492c1c2af3188b4f01800159dfc4f3"
patched = false

[[component]]
name = "localization-mapping"
image = "ghcr.io/autowarefoundation/openadkit:localization-mapping"
digest = "sha256:e891d8ac9408a11fb21a368a03b7739244ddcea4aceb3cf94e40cb37ed3871ce"
patched = false

[[component]]
name = "planning-control"
image = "ghcr.io/autowarefoundation/openadkit:planning-control"
digest = "sha256:b41465d44d7d5f2eab30fe57bf2dab11c07cc649dcb56b1f2baf6dd48713b5d8"
patched = false
extension_image = "ghcr.io/autowarefoundation/openadkit:planning-control-0.45.1-xdc01b010443f46e7"
extension_digest = "sha256:15cf91c8907a5969cb18cb7d5effbfebec6b03e17e6136b5e210a36585f0b6b0"

[[package]]
name = "my_planner"
extends = "planning-control"
image = "ghcr.io/autowarefoundation/openadkit:planning-control-0.45.1-xdc01b010443f46e7"
digest = "sha256:15cf91c8907a5969cb18cb7d5effbfebec6b03e17e6136b5e210a36585f0b6b0"
