# Autoware.lock — auto-generated by aw-kit. Commit this to git.

package = []

[workspace]
autoware = "0.45.1"
generated = "1773387828"

[[component]]
name = "api"
image = "ghcr.io/autowarefoundation/openadkit:api"
digest = "sha256:0f91340b46f39499e3a4fe1e78b48c2410492c1c2af3188b4f01800159dfc4f3"
patched = false

[[component]]
name = "localization-mapping"
image = "ghcr.io/autowarefoundation/openadkit:localization-mapping"
digest = "sha256:e891d8ac9408a11fb21a368a03b7739244ddcea4aceb3cf94e40cb37ed3871ce"
patched = false

[[component]]
name = "planning-control"
image = "ghcr.io/autowarefoundation/openadkit:planning-control"
digest = "sha256:b41465d44d7d5f2eab30fe57bf2dab11c07cc649dcb56b1f2baf6dd48713b5d8"
patched = false

[[component]]
name = "sensing-perception"
image = "ghcr.io/autowarefoundation/openadkit:sensing-perception-cuda"
digest = "sha256:e8f71853146aa655524f82c08b2d27a555eb83b83e6cd828299383f054dec74c"
patched = false

[[component]]
name = "vehicle-system"
image = "ghcr.io/autowarefoundation/openadkit:vehicle-system"
digest = "sha256:2959fd95c888c0b05159b28496538cb55d3fb4c506cd016818721e1fbfc0712b"
patched = false

[[component]]
name = "visualizer"
image = "ghcr.io/autowarefoundation/openadkit:visualizer"
digest = "sha256:3903e3f2f12c7fb81f90fe7a51874479dad470d479430d8e4ade495215626c65"
patched = false
